
Microsoft Visual Studio Solution File, Format Version 12.00
# Visual Studio Version 17
VisualStudioVersion = 17.14.36414.22 d17.14
MinimumVisualStudioVersion = 10.0.40219.1
Project("{FAE04EC0-301F-11D3-BF4B-00C04F79EFBC}") = "ISRPO_LAB7_DZ", "ISRPO_LAB7_DZ\ISRPO_LAB7_DZ.csproj", "{6ED3567D-C4D1-469D-8BE5-3164CA932551}"
EndProject
Global
	GlobalSection(SolutionConfigurationPlatforms) = preSolution
		Debug|Any CPU = Debug|Any CPU
		Release|Any CPU = Release|Any CPU
	EndGlobalSection
	GlobalSection(ProjectConfigurationPlatforms) = postSolution
		{6ED3567D-C4D1-469D-8BE5-3164CA932551}.Debug|Any CPU.ActiveCfg = Debug|Any CPU
		{6ED3567D-C4D1-469D-8BE5-3164CA932551}.Debug|Any CPU.Build.0 = Debug|Any CPU
		{6ED3567D-C4D1-469D-8BE5-3164CA932551}.Release|Any CPU.ActiveCfg = Release|Any CPU
		{6ED3567D-C4D1-469D-8BE5-3164CA932551}.Release|Any CPU.Build.0 = Release|Any CPU
	EndGlobalSection
	GlobalSection(SolutionProperties) = preSolution
		HideSolutionNode = FALSE
	EndGlobalSection
	GlobalSection(ExtensibilityGlobals) = postSolution
		SolutionGuid = {56878F44-7A06-468B-966D-6B6B856148AD}
	EndGlobalSection
EndGlobal
